// !$*UTF8*$!
{
	archiveVersion = 1;
	classes = {
	};
	objectVersion = 46;
	objects = {

/* Begin PBXBuildFile section */
		CA61CE751BC762CF0041629F /* AppDelegate.swift in Sources */ = {isa = PBXBuildFile; fileRef = CA61CE741BC762CF0041629F /* AppDelegate.swift */; };
		CA61CE771BC762CF0041629F /* ViewController.swift in Sources */ = {isa = PBXBuildFile; fileRef = CA61CE761BC762CF0041629F /* ViewController.swift */; };
		CA61CE7A1BC762CF0041629F /* Main.storyboard in Resources */ = {isa = PBXBuildFile; fileRef = CA61CE781BC762CF0041629F /* Main.storyboard */; };
		CA61CE7C1BC762CF0041629F /* Assets.xcassets in Resources */ = {isa = PBXBuildFile; fileRef = CA61CE7B1BC762CF0041629F /* Assets.xcassets */; };
		CA61CE7F1BC762CF0041629F /* LaunchScreen.storyboard in Resources */ = {isa = PBXBuildFile; fileRef = CA61CE7D1BC762CF0041629F /* LaunchScreen.storyboard */; };
/* End PBXBuildFile section */

/* Begin PBXFileReference section */
		CA61CE711BC762CF0041629F /* ProTip.app */ = {isa = PBXFileReference; explicitFileType = wrapper.application; includeInIndex = 0; path = ProTip.app; sourceTree = BUILT_PRODUCTS_DIR; };
		CA61CE741BC762CF0041629F /* AppDelegate.swift */ = {isa = PBXFileReference; lastKnownFileType = sourcecode.swift; path = AppDelegate.swift; sourceTree = "<group>"; };
		CA61CE761BC762CF0041629F /* ViewController.swift */ = {isa = PBXFileReference; lastKnownFileType = sourcecode.swift; path = ViewController.swift; sourceTree = "<group>"; };
		CA61CE791BC762CF0041629F /* Base */ = {isa = PBXFileReference; lastKnownFileType = file.storyboard; name = Base; path = Base.lproj/Main.storyboard; sourceTree = "<group>"; };
		CA61CE7B1BC762CF0041629F /* Assets.xcassets */ = {isa = PBXFileReference; lastKnownFileType = folder.assetcatalog; path = Assets.xcassets; sourceTree = "<group>"; };
		CA61CE7E1BC762CF0041629F /* Base */ = {isa = PBXFileReference; lastKnownFileType = file.storyboard; name = Base; path = Base.lproj/LaunchScreen.storyboard; sourceTree = "<group>"; };
		CA61CE801BC762CF0041629F /* Info.plist */ = {isa = PBXFileReference; lastKnownFileType = text.plist.xml; path = Info.plist; sourceTree = "<group>"; };
/* End PBXFileReference section */

/* Begin PBXFrameworksBuildPhase section */
		CA61CE6E1BC762CF0041629F /* Frameworks */ = {
			isa = PBXFrameworksBuildPhase;
			buildActionMask = 2147483647;
			files = (
			);
			runOnlyForDeploymentPostprocessing = 0;
		};
/* End PBXFrameworksBuildPhase section */

/* Begin PBXGroup section */
		CA61CE681BC762CF0041629F = {
			isa = PBXGroup;
			children = (
				CA61CE731BC762CF0041629F /* ProTip */,
				CA61CE721BC762CF0041629F /* Products */,
			);
			sourceTree = "<group>";
		};
		CA61CE721BC762CF0041629F /* Products */ = {
			isa = PBXGroup;
			children = (
				CA61CE711BC762CF0041629F /* ProTip.app */,
			);
			name = Products;
			sourceTree = "<group>";
		};
		CA61CE731BC762CF0041629F /* ProTip */ = {
			isa = PBXGroup;
			children = (
				CA61CE741BC762CF0041629F /* AppDelegate.swift */,
				CA61CE761BC762CF0041629F /* ViewController.swift */,
				CA61CE781BC762CF0041629F /* Main.storyboard */,
				CA61CE7B1BC762CF0041629F /* Assets.xcassets */,
				CA61CE7D1BC762CF0041629F /* LaunchScreen.storyboard */,
				CA61CE801BC762CF0041629F /* Info.plist */,
			);
			path = ProTip;
			sourceTree = "<group>";
		};
/* End PBXGroup section */

/* Begin PBXNativeTarget section */
		CA61CE701BC762CF0041629F /* ProTip */ = {
			isa = PBXNativeTarget;
			buildConfigurationList = CA61CE831BC762CF0041629F /* Build configuration list for PBXNativeTarget "ProTip" */;
			buildPhases = (
				CA61CE6D1BC762CF0041629F /* Sources */,
				CA61CE6E1BC762CF0041629F /* Frameworks */,
				CA61CE6F1BC762CF0041629F /* Resources */,
			);
			buildRules = (
			);
			dependencies = (
			);
			name = ProTip;
			productName = ProTip;
			productReference = CA61CE711BC762CF0041629F /* ProTip.app */;
			productType = "com.apple.product-type.application";
		};
/* End PBXNativeTarget section */

/* Begin PBXProject section */
		CA61CE691BC762CF0041629F /* Project object */ = {
			isa = PBXProject;
			attributes = {
				LastUpgradeCheck = 0700;
				ORGANIZATIONNAME = "Ben Ashman";
				TargetAttributes = {
					CA61CE701BC762CF0041629F = {
						CreatedOnToolsVersion = 7.0.1;
						DevelopmentTeam = FG8F72SY67;
					};
				};
			};
			buildConfigurationList = CA61CE6C1BC762CF0041629F /* Build configuration list for PBXProject "ProTip" */;
			compatibilityVersion = "Xcode 3.2";
			developmentRegion = English;
			hasScannedForEncodings = 0;
			knownRegions = (
				en,
				Base,
			);
			mainGroup = CA61CE681BC762CF0041629F;
			productRefGroup = CA61CE721BC762CF0041629F /* Products */;
			projectDirPath = "";
			projectRoot = "";
			targets = (
				CA61CE701BC762CF0041629F /* ProTip */,
			);
		};
/* End PBXProject section */

/* Begin PBXResourcesBuildPhase section */
		CA61CE6F1BC762CF0041629F /* Resources */ = {
			isa = PBXResourcesBuildPhase;
			buildActionMask = 2147483647;
			files = (
				CA61CE7F1BC762CF0041629F /* LaunchScreen.storyboard in Resources */,
				CA61CE7C1BC762CF0041629F /* Assets.xcassets in Resources */,
				CA61CE7A1BC762CF0041629F /* Main.storyboard in Resources */,
			);
			runOnlyForDeploymentPostprocessing = 0;
		};
/* End PBXResourcesBuildPhase section */

/* Begin PBXSourcesBuildPhase section */
		CA61CE6D1BC762CF0041629F /* Sources */ = {
			isa = PBXSourcesBuildPhase;
			buildActionMask = 2147483647;
			files = (
				CA61CE771BC762CF0041629F /* ViewController.swift in Sources */,
				CA61CE751BC762CF0041629F /* AppDelegate.swift in Sources */,
			);
			runOnlyForDeploymentPostprocessing = 0;
		};
/* End PBXSourcesBuildPhase section */

/* Begin PBXVariantGroup section */
		CA61CE781BC762CF0041629F /* Main.storyboard */ = {
			isa = PBXVariantGroup;
			children = (
				CA61CE791BC762CF0041629F /* Base */,
			);
			name = Main.storyboard;
			sourceTree = "<group>";
		};
		CA61CE7D1BC762CF0041629F /* LaunchScreen.storyboard */ = {
			isa = PBXVariantGroup;
			children = (
				CA61CE7E1BC762CF0041629F /* Base */,
			);
			name = LaunchScreen.storyboard;
			sourceTree = "<group>";
		};
/* End PBXVariantGroup section */

/* Begin XCBuildConfiguration section */
		CA61CE811BC762CF0041629F /* Debug */ = {
			isa = XCBuildConfiguration;
			buildSettings = {
				ALWAYS_SEARCH_USER_PATHS = NO;
				CLANG_CXX_LANGUAGE_STANDARD = "gnu++0x";
				CLANG_CXX_LIBRARY = "libc++";
				CLANG_ENABLE_MODULES = YES;
				CLANG_ENABLE_OBJC_ARC = YES;
				CLANG_WARN_BOOL_CONVERSION = YES;
				CLANG_WARN_CONSTANT_CONVERSION = YES;
				CLANG_WARN_DIRECT_OBJC_ISA_USAGE = YES_ERROR;
				CLANG_WARN_EMPTY_BODY = YES;
				CLANG_WARN_ENUM_CONVERSION = YES;
				CLANG_WARN_INT_CONVERSION = YES;
				CLANG_WARN_OBJC_ROOT_CLASS = YES_ERROR;
				CLANG_WARN_UNREACHABLE_CODE = YES;
				CLANG_WARN__DUPLICATE_METHOD_MATCH = YES;
				"CODE_SIGN_IDENTITY[sdk=iphoneos*]" = "iPhone Developer";
				COPY_PHASE_STRIP = NO;
				DEBUG_INFORMATION_FORMAT = dwarf;
				ENABLE_STRICT_OBJC_MSGSEND = YES;
				ENABLE_TESTABILITY = YES;
				GCC_C_LANGUAGE_STANDARD = gnu99;
				GCC_DYNAMIC_NO_PIC = NO;
				GCC_NO_COMMON_BLOCKS = YES;
				GCC_OPTIMIZATION_LEVEL = 0;
				GCC_PREPROCESSOR_DEFINITIONS = (
					"DEBUG=1",
					"$(inherited)",
				);
				GCC_WARN_64_TO_32_BIT_CONVERSION = YES;
				GCC_WARN_ABOUT_RETURN_TYPE = YES_ERROR;
				GCC_WARN_UNDECLARED_SELECTOR = YES;
				GCC_WARN_UNINITIALIZED_AUTOS = YES_AGGRESSIVE;
				GCC_WARN_UNUSED_FUNCTION = YES;
				GCC_WARN_UNUSED_VARIABLE = YES;
				IPHONEOS_DEPLOYMENT_TARGET = 9.0;
				MTL_ENABLE_DEBUG_INFO = YES;
				ONLY_ACTIVE_ARCH = YES;
				SDKROOT = iphoneos;
				SWIFT_OPTIMIZATION_LEVEL = "-Onone";
			};
			name = Debug;
		};
		CA61CE821BC762CF0041629F /* Release */ = {
			isa = XCBuildConfiguration;
			buildSettings = {
				ALWAYS_SEARCH_USER_PATHS = NO;
				CLANG_CXX_LANGUAGE_STANDARD = "gnu++0x";
				CLANG_CXX_LIBRARY = "libc++";
				CLANG_ENABLE_MODULES = YES;
				CLANG_ENABLE_OBJC_ARC = YES;
				CLANG_WARN_BOOL_CONVERSION = YES;
				CLANG_WARN_CONSTANT_CONVERSION = YES;
				CLANG_WARN_DIRECT_OBJC_ISA_USAGE = YES_ERROR;
				CLANG_WARN_EMPTY_BODY = YES;
				CLANG_WARN_ENUM_CONVERSION = YES;
				CLANG_WARN_INT_CONVERSION = YES;
				CLANG_WARN_OBJC_ROOT_CLASS = YES_ERROR;
				CLANG_WARN_UNREACHABLE_CODE = YES;
				CLANG_WARN__DUPLICATE_METHOD_MATCH = YES;
				"CODE_SIGN_IDENTITY[sdk=iphoneos*]" = "iPhone Developer";
				COPY_PHASE_STRIP = NO;
				DEBUG_INFORMATION_FORMAT = "dwarf-with-dsym";
				ENABLE_NS_ASSERTIONS = NO;
				ENABLE_STRICT_OBJC_MSGSEND = YES;
				GCC_C_LANGUAGE_STANDARD = gnu99;
				GCC_NO_COMMON_BLOCKS = YES;
				GCC_WARN_64_TO_32_BIT_CONVERSION = YES;
				GCC_WARN_ABOUT_RETURN_TYPE = YES_ERROR;
				GCC_WARN_UNDECLARED_SELECTOR = YES;
				GCC_WARN_UNINITIALIZED_AUTOS = YES_AGGRESSIVE;
				GCC_WARN_UNUSED_FUNCTION = YES;
				GCC_WARN_UNUSED_VARIABLE = YES;
				IPHONEOS_DEPLOYMENT_TARGET = 9.0;
				MTL_ENABLE_DEBUG_INFO = NO;
				SDKROOT = iphoneos;
				VALIDATE_PRODUCT = YES;
			};
			name = Release;
		};
		CA61CE841BC762CF0041629F /* Debug */ = {
			isa = XCBuildConfiguration;
			buildSettings = {
				ASSETCATALOG_COMPILER_APPICON_NAME = AppIcon;
				INFOPLIST_FILE = ProTip/Info.plist;
				LD_RUNPATH_SEARCH_PATHS = "$(inherited) @executable_path/Frameworks";
				PRODUCT_BUNDLE_IDENTIFIER = com.benashman.ProTip;
				PRODUCT_NAME = "$(TARGET_NAME)";
				TARGETED_DEVICE_FAMILY = 1;
			};
			name = Debug;
		};
		CA61CE851BC762CF0041629F /* Release */ = {
			isa = XCBuildConfiguration;
			buildSettings = {
				ASSETCATALOG_COMPILER_APPICON_NAME = AppIcon;
				INFOPLIST_FILE = ProTip/Info.plist;
				LD_RUNPATH_SEARCH_PATHS = "$(inherited) @executable_path/Frameworks";
				PRODUCT_BUNDLE_IDENTIFIER = com.benashman.ProTip;
				PRODUCT_NAME = "$(TARGET_NAME)";
				TARGETED_DEVICE_FAMILY = 1;
			};
			name = Release;
		};
/* End XCBuildConfiguration section */

/* Begin XCConfigurationList section */
		CA61CE6C1BC762CF0041629F /* Build configuration list for PBXProject "ProTip" */ = {
			isa = XCConfigurationList;
			buildConfigurations = (
				CA61CE811BC762CF0041629F /* Debug */,
				CA61CE821BC762CF0041629F /* Release */,
			);
			defaultConfigurationIsVisible = 0;
			defaultConfigurationName = Release;
		};
		CA61CE831BC762CF0041629F /* Build configuration list for PBXNativeTarget "ProTip" */ = {
			isa = XCConfigurationList;
			buildConfigurations = (
				CA61CE841BC762CF0041629F /* Debug */,
				CA61CE851BC762CF0041629F /* Release */,
			);
			defaultConfigurationIsVisible = 0;
			defaultConfigurationName = Release;
		};
/* End XCConfigurationList section */
	};
	rootObject = CA61CE691BC762CF0041629F /* Project object */;
}
